
Microsoft Visual Studio Solution File, Format Version 12.00
# Visual Studio Version 17
VisualStudioVersion = 17.0.32014.148
MinimumVisualStudioVersion = 10.0.40219.1
Project("{9A19103F-16F7-4668-BE54-9A1E7A4F7556}") = "DemoAPI", "DemoAPI\DemoAPI.csproj", "{97E751DB-9484-40F7-A4DB-5C59F16366E2}"
EndProject
Project("{FAE04EC0-301F-11D3-BF4B-00C04F79EFBC}") = "DemoTest", "DemoTest\DemoTest.csproj", "{25D1DB6D-1DA9-4054-83AB-2EE2447CEBC7}"
EndProject
Global
	GlobalSection(SolutionConfigurationPlatforms) = preSolution
		Debug|Any CPU = Debug|Any CPU
		Release|Any CPU = Release|Any CPU
	EndGlobalSection
	GlobalSection(ProjectConfigurationPlatforms) = postSolution
		{97E751DB-9484-40F7-A4DB-5C59F16366E2}.Debug|Any CPU.ActiveCfg = Debug|Any CPU
		{97E751DB-9484-40F7-A4DB-5C59F16366E2}.Debug|Any CPU.Build.0 = Debug|Any CPU
		{97E751DB-9484-40F7-A4DB-5C59F16366E2}.Release|Any CPU.ActiveCfg = Release|Any CPU
		{97E751DB-9484-40F7-A4DB-5C59F16366E2}.Release|Any CPU.Build.0 = Release|Any CPU
		{25D1DB6D-1DA9-4054-83AB-2EE2447CEBC7}.Debug|Any CPU.ActiveCfg = Debug|Any CPU
		{25D1DB6D-1DA9-4054-83AB-2EE2447CEBC7}.Debug|Any CPU.Build.0 = Debug|Any CPU
		{25D1DB6D-1DA9-4054-83AB-2EE2447CEBC7}.Release|Any CPU.ActiveCfg = Release|Any CPU
		{25D1DB6D-1DA9-4054-83AB-2EE2447CEBC7}.Release|Any CPU.Build.0 = Release|Any CPU
	EndGlobalSection
	GlobalSection(SolutionProperties) = preSolution
		HideSolutionNode = FALSE
	EndGlobalSection
	GlobalSection(ExtensibilityGlobals) = postSolution
		SolutionGuid = {FA43F431-6F98-45E9-9093-E23B07B62301}
	EndGlobalSection
EndGlobal
